
Microsoft Visual Studio Solution File, Format Version 12.00
# Visual Studio Version 17
VisualStudioVersion = 17.10.35027.167
MinimumVisualStudioVersion = 10.0.40219.1
Project("{FAE04EC0-301F-11D3-BF4B-00C04F79EFBC}") = "day2_wk", "day2_wk.csproj", "{21A559CB-099B-4C7D-9BFD-98C0497AA8C6}"
EndProject
Global
	GlobalSection(SolutionConfigurationPlatforms) = preSolution
		Debug|Any CPU = Debug|Any CPU
		Release|Any CPU = Release|Any CPU
	EndGlobalSection
	GlobalSection(ProjectConfigurationPlatforms) = postSolution
		{21A559CB-099B-4C7D-9BFD-98C0497AA8C6}.Debug|Any CPU.ActiveCfg = Debug|Any CPU
		{21A559CB-099B-4C7D-9BFD-98C0497AA8C6}.Debug|Any CPU.Build.0 = Debug|Any CPU
		{21A559CB-099B-4C7D-9BFD-98C0497AA8C6}.Release|Any CPU.ActiveCfg = Release|Any CPU
		{21A559CB-099B-4C7D-9BFD-98C0497AA8C6}.Release|Any CPU.Build.0 = Release|Any CPU
	EndGlobalSection
	GlobalSection(SolutionProperties) = preSolution
		HideSolutionNode = FALSE
	EndGlobalSection
	GlobalSection(ExtensibilityGlobals) = postSolution
		SolutionGuid = {F401D327-4C87-4FDB-8906-1A38A94B0F74}
	EndGlobalSection
EndGlobal
